
Microsoft Visual Studio Solution File, Format Version 12.00
# Visual Studio Version 17
VisualStudioVersion = 17.3.32901.215
MinimumVisualStudioVersion = 10.0.40219.1
Project("{9A19103F-16F7-4668-BE54-9A1E7A4F7556}") = "KeyDerivationLib", "KeyDerivationLib\KeyDerivationLib.csproj", "{1C9240F1-690F-487E-8D61-DCFAD19DEFAF}"
EndProject
Project("{9A19103F-16F7-4668-BE54-9A1E7A4F7556}") = "KeyDerivation", "KeyDerivationInterface\KeyDerivation.csproj", "{4FC13D77-E798-4369-B549-80CFB4BEB864}"
EndProject
<<<<<<< HEAD
Project("{FAE04EC0-301F-11D3-BF4B-00C04F79EFBC}") = "KeyDerivationLibTests", "KeyDerivationLibTests\KeyDerivationLibTests.csproj", "{5E1FFC6A-E6E5-41D5-B463-048CC80D2567}"
=======
Project("{9A19103F-16F7-4668-BE54-9A1E7A4F7556}") = "TuviBytesShamirSecretSharingLib", "gitmodules\TuviBytesShamirSecretSharingLib\TuviBytesShamirSecretSharingLib\TuviBytesShamirSecretSharingLib\TuviBytesShamirSecretSharingLib.csproj", "{0E94BE24-8000-45EE-9E37-6A2AF6A81147}"
EndProject
Project("{9A19103F-16F7-4668-BE54-9A1E7A4F7556}") = "GF256Computations", "gitmodules\TuviBytesShamirSecretSharingLib\TuviBytesShamirSecretSharingLib\GF256Computations\GF256Computations.csproj", "{83F39BAD-85EA-4C7A-81F2-21E8E7E69DE8}"
>>>>>>> main
EndProject
Global
	GlobalSection(SolutionConfigurationPlatforms) = preSolution
		Debug|Any CPU = Debug|Any CPU
		Release|Any CPU = Release|Any CPU
	EndGlobalSection
	GlobalSection(ProjectConfigurationPlatforms) = postSolution
		{1C9240F1-690F-487E-8D61-DCFAD19DEFAF}.Debug|Any CPU.ActiveCfg = Debug|Any CPU
		{1C9240F1-690F-487E-8D61-DCFAD19DEFAF}.Debug|Any CPU.Build.0 = Debug|Any CPU
		{1C9240F1-690F-487E-8D61-DCFAD19DEFAF}.Release|Any CPU.ActiveCfg = Release|Any CPU
		{1C9240F1-690F-487E-8D61-DCFAD19DEFAF}.Release|Any CPU.Build.0 = Release|Any CPU
		{4FC13D77-E798-4369-B549-80CFB4BEB864}.Debug|Any CPU.ActiveCfg = Debug|Any CPU
		{4FC13D77-E798-4369-B549-80CFB4BEB864}.Debug|Any CPU.Build.0 = Debug|Any CPU
		{4FC13D77-E798-4369-B549-80CFB4BEB864}.Release|Any CPU.ActiveCfg = Release|Any CPU
		{4FC13D77-E798-4369-B549-80CFB4BEB864}.Release|Any CPU.Build.0 = Release|Any CPU
<<<<<<< HEAD
		{5E1FFC6A-E6E5-41D5-B463-048CC80D2567}.Debug|Any CPU.ActiveCfg = Debug|Any CPU
		{5E1FFC6A-E6E5-41D5-B463-048CC80D2567}.Debug|Any CPU.Build.0 = Debug|Any CPU
		{5E1FFC6A-E6E5-41D5-B463-048CC80D2567}.Release|Any CPU.ActiveCfg = Release|Any CPU
		{5E1FFC6A-E6E5-41D5-B463-048CC80D2567}.Release|Any CPU.Build.0 = Release|Any CPU
=======
		{0E94BE24-8000-45EE-9E37-6A2AF6A81147}.Debug|Any CPU.ActiveCfg = Debug|Any CPU
		{0E94BE24-8000-45EE-9E37-6A2AF6A81147}.Debug|Any CPU.Build.0 = Debug|Any CPU
		{0E94BE24-8000-45EE-9E37-6A2AF6A81147}.Release|Any CPU.ActiveCfg = Release|Any CPU
		{0E94BE24-8000-45EE-9E37-6A2AF6A81147}.Release|Any CPU.Build.0 = Release|Any CPU
		{83F39BAD-85EA-4C7A-81F2-21E8E7E69DE8}.Debug|Any CPU.ActiveCfg = Debug|Any CPU
		{83F39BAD-85EA-4C7A-81F2-21E8E7E69DE8}.Debug|Any CPU.Build.0 = Debug|Any CPU
		{83F39BAD-85EA-4C7A-81F2-21E8E7E69DE8}.Release|Any CPU.ActiveCfg = Release|Any CPU
		{83F39BAD-85EA-4C7A-81F2-21E8E7E69DE8}.Release|Any CPU.Build.0 = Release|Any CPU
>>>>>>> main
	EndGlobalSection
	GlobalSection(SolutionProperties) = preSolution
		HideSolutionNode = FALSE
	EndGlobalSection
	GlobalSection(ExtensibilityGlobals) = postSolution
		SolutionGuid = {1BA76DBA-74AD-4433-BD71-DA7A1C68640A}
	EndGlobalSection
EndGlobal
